
Microsoft Visual Studio Solution File, Format Version 12.00
# Visual Studio 15
VisualStudioVersion = 15.0.28307.1321
MinimumVisualStudioVersion = 10.0.40219.1
Project("{FAE04EC0-301F-11D3-BF4B-00C04F79EFBC}") = "【InvalidOperation】sameURI differentHttpMethod differentController", "【InvalidOperation】sameURI differentHttpMethod differentController\【InvalidOperation】sameURI differentHttpMethod differentController.csproj", "{10FB31C0-288D-4BDB-961A-A1D706461838}"
EndProject
Global
	GlobalSection(SolutionConfigurationPlatforms) = preSolution
		Debug|Any CPU = Debug|Any CPU
		Release|Any CPU = Release|Any CPU
	EndGlobalSection
	GlobalSection(ProjectConfigurationPlatforms) = postSolution
		{10FB31C0-288D-4BDB-961A-A1D706461838}.Debug|Any CPU.ActiveCfg = Debug|Any CPU
		{10FB31C0-288D-4BDB-961A-A1D706461838}.Debug|Any CPU.Build.0 = Debug|Any CPU
		{10FB31C0-288D-4BDB-961A-A1D706461838}.Release|Any CPU.ActiveCfg = Release|Any CPU
		{10FB31C0-288D-4BDB-961A-A1D706461838}.Release|Any CPU.Build.0 = Release|Any CPU
	EndGlobalSection
	GlobalSection(SolutionProperties) = preSolution
		HideSolutionNode = FALSE
	EndGlobalSection
	GlobalSection(ExtensibilityGlobals) = postSolution
		SolutionGuid = {16E1BC15-B858-4702-AAFF-61F87ABD0469}
	EndGlobalSection
EndGlobal
